
Microsoft Visual Studio Solution File, Format Version 12.00
# Visual Studio Version 16
VisualStudioVersion = 16.0.30804.86
MinimumVisualStudioVersion = 10.0.40219.1
Project("{9A19103F-16F7-4668-BE54-9A1E7A4F7556}") = "Question1", "Play\Question1.csproj", "{83FE6930-3CDE-4291-A4A1-BC32C83893EE}"
EndProject
Project("{9A19103F-16F7-4668-BE54-9A1E7A4F7556}") = "Question1_Tests", "PlayTests\Question1_Tests.csproj", "{3617F3EC-24A8-4271-BFDE-59AAF4ACB14D}"
EndProject
Global
	GlobalSection(SolutionConfigurationPlatforms) = preSolution
		Debug|Any CPU = Debug|Any CPU
		Release|Any CPU = Release|Any CPU
	EndGlobalSection
	GlobalSection(ProjectConfigurationPlatforms) = postSolution
		{83FE6930-3CDE-4291-A4A1-BC32C83893EE}.Debug|Any CPU.ActiveCfg = Debug|Any CPU
		{83FE6930-3CDE-4291-A4A1-BC32C83893EE}.Debug|Any CPU.Build.0 = Debug|Any CPU
		{83FE6930-3CDE-4291-A4A1-BC32C83893EE}.Release|Any CPU.ActiveCfg = Release|Any CPU
		{83FE6930-3CDE-4291-A4A1-BC32C83893EE}.Release|Any CPU.Build.0 = Release|Any CPU
		{3617F3EC-24A8-4271-BFDE-59AAF4ACB14D}.Debug|Any CPU.ActiveCfg = Debug|Any CPU
		{3617F3EC-24A8-4271-BFDE-59AAF4ACB14D}.Debug|Any CPU.Build.0 = Debug|Any CPU
		{3617F3EC-24A8-4271-BFDE-59AAF4ACB14D}.Release|Any CPU.ActiveCfg = Release|Any CPU
		{3617F3EC-24A8-4271-BFDE-59AAF4ACB14D}.Release|Any CPU.Build.0 = Release|Any CPU
	EndGlobalSection
	GlobalSection(SolutionProperties) = preSolution
		HideSolutionNode = FALSE
	EndGlobalSection
	GlobalSection(ExtensibilityGlobals) = postSolution
		SolutionGuid = {B65CD58A-92A3-473B-B63B-7DC84A7A1EAF}
	EndGlobalSection
EndGlobal
